
Microsoft Visual Studio Solution File, Format Version 12.00
# Visual Studio 15
VisualStudioVersion = 15.0.26124.0
MinimumVisualStudioVersion = 15.0.26124.0
Project("{2150E333-8FDC-42A3-9474-1A3956D46DE8}") = "src", "src", "{A9F6B60D-4F6C-4653-8267-DDA79136E668}"
EndProject
Project("{2150E333-8FDC-42A3-9474-1A3956D46DE8}") = "test", "test", "{93351137-1076-47F8-A3E2-9A1756F43660}"
EndProject
Project("{9A19103F-16F7-4668-BE54-9A1E7A4F7556}") = "HelloCake", "src\HelloCake\HelloCake.csproj", "{2AB2B6F0-F2E4-49AB-A1B9-ABD7BCD3574B}"
EndProject
Project("{9A19103F-16F7-4668-BE54-9A1E7A4F7556}") = "HelloCake.Spec", "test\HelloCake.Spec\HelloCake.Spec.csproj", "{1E540F2B-97C0-44E8-84F7-98C774098BDD}"
EndProject
Global
	GlobalSection(SolutionConfigurationPlatforms) = preSolution
		Debug|Any CPU = Debug|Any CPU
		Debug|x64 = Debug|x64
		Debug|x86 = Debug|x86
		Release|Any CPU = Release|Any CPU
		Release|x64 = Release|x64
		Release|x86 = Release|x86
	EndGlobalSection
	GlobalSection(ProjectConfigurationPlatforms) = postSolution
		{2AB2B6F0-F2E4-49AB-A1B9-ABD7BCD3574B}.Debug|Any CPU.ActiveCfg = Debug|Any CPU
		{2AB2B6F0-F2E4-49AB-A1B9-ABD7BCD3574B}.Debug|Any CPU.Build.0 = Debug|Any CPU
		{2AB2B6F0-F2E4-49AB-A1B9-ABD7BCD3574B}.Debug|x64.ActiveCfg = Debug|Any CPU
		{2AB2B6F0-F2E4-49AB-A1B9-ABD7BCD3574B}.Debug|x64.Build.0 = Debug|Any CPU
		{2AB2B6F0-F2E4-49AB-A1B9-ABD7BCD3574B}.Debug|x86.ActiveCfg = Debug|Any CPU
		{2AB2B6F0-F2E4-49AB-A1B9-ABD7BCD3574B}.Debug|x86.Build.0 = Debug|Any CPU
		{2AB2B6F0-F2E4-49AB-A1B9-ABD7BCD3574B}.Release|Any CPU.ActiveCfg = Release|Any CPU
		{2AB2B6F0-F2E4-49AB-A1B9-ABD7BCD3574B}.Release|Any CPU.Build.0 = Release|Any CPU
		{2AB2B6F0-F2E4-49AB-A1B9-ABD7BCD3574B}.Release|x64.ActiveCfg = Release|Any CPU
		{2AB2B6F0-F2E4-49AB-A1B9-ABD7BCD3574B}.Release|x64.Build.0 = Release|Any CPU
		{2AB2B6F0-F2E4-49AB-A1B9-ABD7BCD3574B}.Release|x86.ActiveCfg = Release|Any CPU
		{2AB2B6F0-F2E4-49AB-A1B9-ABD7BCD3574B}.Release|x86.Build.0 = Release|Any CPU
		{1E540F2B-97C0-44E8-84F7-98C774098BDD}.Debug|Any CPU.ActiveCfg = Debug|Any CPU
		{1E540F2B-97C0-44E8-84F7-98C774098BDD}.Debug|Any CPU.Build.0 = Debug|Any CPU
		{1E540F2B-97C0-44E8-84F7-98C774098BDD}.Debug|x64.ActiveCfg = Debug|Any CPU
		{1E540F2B-97C0-44E8-84F7-98C774098BDD}.Debug|x64.Build.0 = Debug|Any CPU
		{1E540F2B-97C0-44E8-84F7-98C774098BDD}.Debug|x86.ActiveCfg = Debug|Any CPU
		{1E540F2B-97C0-44E8-84F7-98C774098BDD}.Debug|x86.Build.0 = Debug|Any CPU
		{1E540F2B-97C0-44E8-84F7-98C774098BDD}.Release|Any CPU.ActiveCfg = Release|Any CPU
		{1E540F2B-97C0-44E8-84F7-98C774098BDD}.Release|Any CPU.Build.0 = Release|Any CPU
		{1E540F2B-97C0-44E8-84F7-98C774098BDD}.Release|x64.ActiveCfg = Release|Any CPU
		{1E540F2B-97C0-44E8-84F7-98C774098BDD}.Release|x64.Build.0 = Release|Any CPU
		{1E540F2B-97C0-44E8-84F7-98C774098BDD}.Release|x86.ActiveCfg = Release|Any CPU
		{1E540F2B-97C0-44E8-84F7-98C774098BDD}.Release|x86.Build.0 = Release|Any CPU
	EndGlobalSection
	GlobalSection(SolutionProperties) = preSolution
		HideSolutionNode = FALSE
	EndGlobalSection
	GlobalSection(NestedProjects) = preSolution
		{2AB2B6F0-F2E4-49AB-A1B9-ABD7BCD3574B} = {A9F6B60D-4F6C-4653-8267-DDA79136E668}
		{1E540F2B-97C0-44E8-84F7-98C774098BDD} = {93351137-1076-47F8-A3E2-9A1756F43660}
	EndGlobalSection
	GlobalSection(ExtensibilityGlobals) = postSolution
		SolutionGuid = {2BD09495-BE6B-4775-9C4D-B6828417B683}
	EndGlobalSection
EndGlobal
